<Solution>
  <Folder Name="/src/">
    <Project Path="src/TeleMed.Api/TeleMed.Api.csproj" />
    <Project Path="src/TeleMed.Application/TeleMed.Application.csproj" />
    <Project Path="src/TeleMed.Domain/TeleMed.Domain.csproj" />
    <Project Path="src/TeleMed.Infrastructure/TeleMed.Infrastructure.csproj" />
  </Folder>
  <Folder Name="/tests/">
    <Project Path="tests/TeleMed.Api.IntegrationTests/TeleMed.Api.IntegrationTests.csproj" />
    <Project Path="tests/TeleMed.Domain.Tests/TeleMed.Domain.Tests.csproj" />
    <Project Path="tests/TeleMed.OpenApi.Tests/TeleMed.OpenApi.Tests.csproj" />
  </Folder>
</Solution>
